// !$*UTF8*$!
{
	archiveVersion = 1;
	classes = {
	};
	objectVersion = 46;
	objects = {

/* Begin PBXBuildFile section */
		433EC1711BB6E7F5004BEC55 /* AppDelegate.swift in Sources */ = {isa = PBXBuildFile; fileRef = 433EC1701BB6E7F5004BEC55 /* AppDelegate.swift */; };
		433EC1731BB6E7F5004BEC55 /* ViewController.swift in Sources */ = {isa = PBXBuildFile; fileRef = 433EC1721BB6E7F5004BEC55 /* ViewController.swift */; };
		433EC1761BB6E7F5004BEC55 /* Main.storyboard in Resources */ = {isa = PBXBuildFile; fileRef = 433EC1741BB6E7F5004BEC55 /* Main.storyboard */; };
		433EC1791BB6E7F5004BEC55 /* KaBoom.xcdatamodeld in Sources */ = {isa = PBXBuildFile; fileRef = 433EC1771BB6E7F5004BEC55 /* KaBoom.xcdatamodeld */; };
		433EC17B1BB6E7F5004BEC55 /* Assets.xcassets in Resources */ = {isa = PBXBuildFile; fileRef = 433EC17A1BB6E7F5004BEC55 /* Assets.xcassets */; };
		433EC17E1BB6E7F5004BEC55 /* LaunchScreen.storyboard in Resources */ = {isa = PBXBuildFile; fileRef = 433EC17C1BB6E7F5004BEC55 /* LaunchScreen.storyboard */; };
		433EC1891BB6E7F5004BEC55 /* KaBoomTests.swift in Sources */ = {isa = PBXBuildFile; fileRef = 433EC1881BB6E7F5004BEC55 /* KaBoomTests.swift */; };
		433EC1941BB6E7F5004BEC55 /* KaBoomUITests.swift in Sources */ = {isa = PBXBuildFile; fileRef = 433EC1931BB6E7F5004BEC55 /* KaBoomUITests.swift */; };
		433EC1AB1BB6E8AF004BEC55 /* BassDrum909.wav in Resources */ = {isa = PBXBuildFile; fileRef = 433EC1A61BB6E8AF004BEC55 /* BassDrum909.wav */; settings = {ASSET_TAGS = (); }; };
		433EC1AC1BB6E8AF004BEC55 /* Clap909.wav in Resources */ = {isa = PBXBuildFile; fileRef = 433EC1A71BB6E8AF004BEC55 /* Clap909.wav */; settings = {ASSET_TAGS = (); }; };
		433EC1AD1BB6E8AF004BEC55 /* HiHat909.wav in Resources */ = {isa = PBXBuildFile; fileRef = 433EC1A81BB6E8AF004BEC55 /* HiHat909.wav */; settings = {ASSET_TAGS = (); }; };
		433EC1AE1BB6E8AF004BEC55 /* RimShot909.wav in Resources */ = {isa = PBXBuildFile; fileRef = 433EC1A91BB6E8AF004BEC55 /* RimShot909.wav */; settings = {ASSET_TAGS = (); }; };
		433EC1AF1BB6E8AF004BEC55 /* SnareDrum909.wav in Resources */ = {isa = PBXBuildFile; fileRef = 433EC1AA1BB6E8AF004BEC55 /* SnareDrum909.wav */; settings = {ASSET_TAGS = (); }; };
		433EC1B51BB6E8C3004BEC55 /* BassDrum808.wav in Resources */ = {isa = PBXBuildFile; fileRef = 433EC1B01BB6E8C3004BEC55 /* BassDrum808.wav */; settings = {ASSET_TAGS = (); }; };
		433EC1B61BB6E8C3004BEC55 /* Clap808.wav in Resources */ = {isa = PBXBuildFile; fileRef = 433EC1B11BB6E8C3004BEC55 /* Clap808.wav */; settings = {ASSET_TAGS = (); }; };
		433EC1B71BB6E8C3004BEC55 /* HiHat808.wav in Resources */ = {isa = PBXBuildFile; fileRef = 433EC1B21BB6E8C3004BEC55 /* HiHat808.wav */; settings = {ASSET_TAGS = (); }; };
		433EC1B81BB6E8C3004BEC55 /* RimShot808.wav in Resources */ = {isa = PBXBuildFile; fileRef = 433EC1B31BB6E8C3004BEC55 /* RimShot808.wav */; settings = {ASSET_TAGS = (); }; };
		433EC1B91BB6E8C3004BEC55 /* SnareDrum808.wav in Resources */ = {isa = PBXBuildFile; fileRef = 433EC1B41BB6E8C3004BEC55 /* SnareDrum808.wav */; settings = {ASSET_TAGS = (); }; };
		433EC1BF1BB6E8DA004BEC55 /* BassDrum606.wav in Resources */ = {isa = PBXBuildFile; fileRef = 433EC1BA1BB6E8DA004BEC55 /* BassDrum606.wav */; settings = {ASSET_TAGS = (); }; };
		433EC1C01BB6E8DA004BEC55 /* ClosedHiHat606.wav in Resources */ = {isa = PBXBuildFile; fileRef = 433EC1BB1BB6E8DA004BEC55 /* ClosedHiHat606.wav */; settings = {ASSET_TAGS = (); }; };
		433EC1C11BB6E8DA004BEC55 /* HiTom606.wav in Resources */ = {isa = PBXBuildFile; fileRef = 433EC1BC1BB6E8DA004BEC55 /* HiTom606.wav */; settings = {ASSET_TAGS = (); }; };
		433EC1C21BB6E8DA004BEC55 /* OpenHiHat606.wav in Resources */ = {isa = PBXBuildFile; fileRef = 433EC1BD1BB6E8DA004BEC55 /* OpenHiHat606.wav */; settings = {ASSET_TAGS = (); }; };
		433EC1C31BB6E8DA004BEC55 /* SnareDrum606.wav in Resources */ = {isa = PBXBuildFile; fileRef = 433EC1BE1BB6E8DA004BEC55 /* SnareDrum606.wav */; settings = {ASSET_TAGS = (); }; };
		433EC1C91BB6E8EF004BEC55 /* BassDrum78.wav in Resources */ = {isa = PBXBuildFile; fileRef = 433EC1C41BB6E8EF004BEC55 /* BassDrum78.wav */; settings = {ASSET_TAGS = (); }; };
		433EC1CA1BB6E8EF004BEC55 /* Guiro78.wav in Resources */ = {isa = PBXBuildFile; fileRef = 433EC1C51BB6E8EF004BEC55 /* Guiro78.wav */; settings = {ASSET_TAGS = (); }; };
		433EC1CB1BB6E8EF004BEC55 /* HiHat78.wav in Resources */ = {isa = PBXBuildFile; fileRef = 433EC1C61BB6E8EF004BEC55 /* HiHat78.wav */; settings = {ASSET_TAGS = (); }; };
		433EC1CC1BB6E8EF004BEC55 /* RimShot78.wav in Resources */ = {isa = PBXBuildFile; fileRef = 433EC1C71BB6E8EF004BEC55 /* RimShot78.wav */; settings = {ASSET_TAGS = (); }; };
		433EC1CD1BB6E8EF004BEC55 /* SnareDrum78.wav in Resources */ = {isa = PBXBuildFile; fileRef = 433EC1C81BB6E8EF004BEC55 /* SnareDrum78.wav */; settings = {ASSET_TAGS = (); }; };
		4363582E1BBDDFB500918021 /* Bass.wav in Resources */ = {isa = PBXBuildFile; fileRef = 4363582D1BBDDFB500918021 /* Bass.wav */; settings = {ASSET_TAGS = (); }; };
		43A3A2571BC53F8D00FDF98A /* Volume.jpg in Resources */ = {isa = PBXBuildFile; fileRef = 43A3A2521BC53F8D00FDF98A /* Volume.jpg */; settings = {ASSET_TAGS = (); }; };
		43A3A2581BC53F8D00FDF98A /* Panning.jpg in Resources */ = {isa = PBXBuildFile; fileRef = 43A3A2531BC53F8D00FDF98A /* Panning.jpg */; settings = {ASSET_TAGS = (); }; };
		43A3A2591BC53F8D00FDF98A /* Reverb.jpg in Resources */ = {isa = PBXBuildFile; fileRef = 43A3A2541BC53F8D00FDF98A /* Reverb.jpg */; settings = {ASSET_TAGS = (); }; };
		43A3A25A1BC53F8D00FDF98A /* Distorsion.jpg in Resources */ = {isa = PBXBuildFile; fileRef = 43A3A2551BC53F8D00FDF98A /* Distorsion.jpg */; settings = {ASSET_TAGS = (); }; };
		43A3A25B1BC53F8D00FDF98A /* Delay.jpg in Resources */ = {isa = PBXBuildFile; fileRef = 43A3A2561BC53F8D00FDF98A /* Delay.jpg */; settings = {ASSET_TAGS = (); }; };
/* End PBXBuildFile section */

/* Begin PBXContainerItemProxy section */
		433EC1851BB6E7F5004BEC55 /* PBXContainerItemProxy */ = {
			isa = PBXContainerItemProxy;
			containerPortal = 433EC1651BB6E7F4004BEC55 /* Project object */;
			proxyType = 1;
			remoteGlobalIDString = 433EC16C1BB6E7F5004BEC55;
			remoteInfo = KaBoom;
		};
		433EC1901BB6E7F5004BEC55 /* PBXContainerItemProxy */ = {
			isa = PBXContainerItemProxy;
			containerPortal = 433EC1651BB6E7F4004BEC55 /* Project object */;
			proxyType = 1;
			remoteGlobalIDString = 433EC16C1BB6E7F5004BEC55;
			remoteInfo = KaBoom;
		};
/* End PBXContainerItemProxy section */

/* Begin PBXFileReference section */
		433EC16D1BB6E7F5004BEC55 /* KaBoom.app */ = {isa = PBXFileReference; explicitFileType = wrapper.application; includeInIndex = 0; path = KaBoom.app; sourceTree = BUILT_PRODUCTS_DIR; };
		433EC1701BB6E7F5004BEC55 /* AppDelegate.swift */ = {isa = PBXFileReference; lastKnownFileType = sourcecode.swift; path = AppDelegate.swift; sourceTree = "<group>"; };
		433EC1721BB6E7F5004BEC55 /* ViewController.swift */ = {isa = PBXFileReference; lastKnownFileType = sourcecode.swift; path = ViewController.swift; sourceTree = "<group>"; };
		433EC1751BB6E7F5004BEC55 /* Base */ = {isa = PBXFileReference; lastKnownFileType = file.storyboard; name = Base; path = Base.lproj/Main.storyboard; sourceTree = "<group>"; };
		433EC1781BB6E7F5004BEC55 /* KaBoom.xcdatamodel */ = {isa = PBXFileReference; lastKnownFileType = wrapper.xcdatamodel; path = KaBoom.xcdatamodel; sourceTree = "<group>"; };
		433EC17A1BB6E7F5004BEC55 /* Assets.xcassets */ = {isa = PBXFileReference; lastKnownFileType = folder.assetcatalog; path = Assets.xcassets; sourceTree = "<group>"; };
		433EC17D1BB6E7F5004BEC55 /* Base */ = {isa = PBXFileReference; lastKnownFileType = file.storyboard; name = Base; path = Base.lproj/LaunchScreen.storyboard; sourceTree = "<group>"; };
		433EC17F1BB6E7F5004BEC55 /* Info.plist */ = {isa = PBXFileReference; lastKnownFileType = text.plist.xml; path = Info.plist; sourceTree = "<group>"; };
		433EC1841BB6E7F5004BEC55 /* KaBoomTests.xctest */ = {isa = PBXFileReference; explicitFileType = wrapper.cfbundle; includeInIndex = 0; path = KaBoomTests.xctest; sourceTree = BUILT_PRODUCTS_DIR; };
		433EC1881BB6E7F5004BEC55 /* KaBoomTests.swift */ = {isa = PBXFileReference; lastKnownFileType = sourcecode.swift; path = KaBoomTests.swift; sourceTree = "<group>"; };
		433EC18A1BB6E7F5004BEC55 /* Info.plist */ = {isa = PBXFileReference; lastKnownFileType = text.plist.xml; path = Info.plist; sourceTree = "<group>"; };
		433EC18F1BB6E7F5004BEC55 /* KaBoomUITests.xctest */ = {isa = PBXFileReference; explicitFileType = wrapper.cfbundle; includeInIndex = 0; path = KaBoomUITests.xctest; sourceTree = BUILT_PRODUCTS_DIR; };
		433EC1931BB6E7F5004BEC55 /* KaBoomUITests.swift */ = {isa = PBXFileReference; lastKnownFileType = sourcecode.swift; path = KaBoomUITests.swift; sourceTree = "<group>"; };
		433EC1951BB6E7F5004BEC55 /* Info.plist */ = {isa = PBXFileReference; lastKnownFileType = text.plist.xml; path = Info.plist; sourceTree = "<group>"; };
		433EC1A61BB6E8AF004BEC55 /* BassDrum909.wav */ = {isa = PBXFileReference; lastKnownFileType = audio.wav; path = BassDrum909.wav; sourceTree = "<group>"; };
		433EC1A71BB6E8AF004BEC55 /* Clap909.wav */ = {isa = PBXFileReference; lastKnownFileType = audio.wav; path = Clap909.wav; sourceTree = "<group>"; };
		433EC1A81BB6E8AF004BEC55 /* HiHat909.wav */ = {isa = PBXFileReference; lastKnownFileType = audio.wav; path = HiHat909.wav; sourceTree = "<group>"; };
		433EC1A91BB6E8AF004BEC55 /* RimShot909.wav */ = {isa = PBXFileReference; lastKnownFileType = audio.wav; path = RimShot909.wav; sourceTree = "<group>"; };
		433EC1AA1BB6E8AF004BEC55 /* SnareDrum909.wav */ = {isa = PBXFileReference; lastKnownFileType = audio.wav; path = SnareDrum909.wav; sourceTree = "<group>"; };
		433EC1B01BB6E8C3004BEC55 /* BassDrum808.wav */ = {isa = PBXFileReference; lastKnownFileType = audio.wav; path = BassDrum808.wav; sourceTree = "<group>"; };
		433EC1B11BB6E8C3004BEC55 /* Clap808.wav */ = {isa = PBXFileReference; lastKnownFileType = audio.wav; path = Clap808.wav; sourceTree = "<group>"; };
		433EC1B21BB6E8C3004BEC55 /* HiHat808.wav */ = {isa = PBXFileReference; lastKnownFileType = audio.wav; path = HiHat808.wav; sourceTree = "<group>"; };
		433EC1B31BB6E8C3004BEC55 /* RimShot808.wav */ = {isa = PBXFileReference; lastKnownFileType = audio.wav; path = RimShot808.wav; sourceTree = "<group>"; };
		433EC1B41BB6E8C3004BEC55 /* SnareDrum808.wav */ = {isa = PBXFileReference; lastKnownFileType = audio.wav; path = SnareDrum808.wav; sourceTree = "<group>"; };
		433EC1BA1BB6E8DA004BEC55 /* BassDrum606.wav */ = {isa = PBXFileReference; lastKnownFileType = audio.wav; path = BassDrum606.wav; sourceTree = "<group>"; };
		433EC1BB1BB6E8DA004BEC55 /* ClosedHiHat606.wav */ = {isa = PBXFileReference; lastKnownFileType = audio.wav; path = ClosedHiHat606.wav; sourceTree = "<group>"; };
		433EC1BC1BB6E8DA004BEC55 /* HiTom606.wav */ = {isa = PBXFileReference; lastKnownFileType = audio.wav; path = HiTom606.wav; sourceTree = "<group>"; };
		433EC1BD1BB6E8DA004BEC55 /* OpenHiHat606.wav */ = {isa = PBXFileReference; lastKnownFileType = audio.wav; path = OpenHiHat606.wav; sourceTree = "<group>"; };
		433EC1BE1BB6E8DA004BEC55 /* SnareDrum606.wav */ = {isa = PBXFileReference; lastKnownFileType = audio.wav; path = SnareDrum606.wav; sourceTree = "<group>"; };
		433EC1C41BB6E8EF004BEC55 /* BassDrum78.wav */ = {isa = PBXFileReference; lastKnownFileType = audio.wav; path = BassDrum78.wav; sourceTree = "<group>"; };
		433EC1C51BB6E8EF004BEC55 /* Guiro78.wav */ = {isa = PBXFileReference; lastKnownFileType = audio.wav; path = Guiro78.wav; sourceTree = "<group>"; };
		433EC1C61BB6E8EF004BEC55 /* HiHat78.wav */ = {isa = PBXFileReference; lastKnownFileType = audio.wav; path = HiHat78.wav; sourceTree = "<group>"; };
		433EC1C71BB6E8EF004BEC55 /* RimShot78.wav */ = {isa = PBXFileReference; lastKnownFileType = audio.wav; path = RimShot78.wav; sourceTree = "<group>"; };
		433EC1C81BB6E8EF004BEC55 /* SnareDrum78.wav */ = {isa = PBXFileReference; lastKnownFileType = audio.wav; path = SnareDrum78.wav; sourceTree = "<group>"; };
		4363582D1BBDDFB500918021 /* Bass.wav */ = {isa = PBXFileReference; lastKnownFileType = audio.wav; path = Bass.wav; sourceTree = "<group>"; };
		43A3A2521BC53F8D00FDF98A /* Volume.jpg */ = {isa = PBXFileReference; lastKnownFileType = image.jpeg; path = Volume.jpg; sourceTree = "<group>"; };
		43A3A2531BC53F8D00FDF98A /* Panning.jpg */ = {isa = PBXFileReference; lastKnownFileType = image.jpeg; path = Panning.jpg; sourceTree = "<group>"; };
		43A3A2541BC53F8D00FDF98A /* Reverb.jpg */ = {isa = PBXFileReference; lastKnownFileType = image.jpeg; path = Reverb.jpg; sourceTree = "<group>"; };
		43A3A2551BC53F8D00FDF98A /* Distorsion.jpg */ = {isa = PBXFileReference; lastKnownFileType = image.jpeg; path = Distorsion.jpg; sourceTree = "<group>"; };
		43A3A2561BC53F8D00FDF98A /* Delay.jpg */ = {isa = PBXFileReference; lastKnownFileType = image.jpeg; path = Delay.jpg; sourceTree = "<group>"; };
/* End PBXFileReference section */

/* Begin PBXFrameworksBuildPhase section */
		433EC16A1BB6E7F5004BEC55 /* Frameworks */ = {
			isa = PBXFrameworksBuildPhase;
			buildActionMask = 2147483647;
			files = (
			);
			runOnlyForDeploymentPostprocessing = 0;
		};
		433EC1811BB6E7F5004BEC55 /* Frameworks */ = {
			isa = PBXFrameworksBuildPhase;
			buildActionMask = 2147483647;
			files = (
			);
			runOnlyForDeploymentPostprocessing = 0;
		};
		433EC18C1BB6E7F5004BEC55 /* Frameworks */ = {
			isa = PBXFrameworksBuildPhase;
			buildActionMask = 2147483647;
			files = (
			);
			runOnlyForDeploymentPostprocessing = 0;
		};
/* End PBXFrameworksBuildPhase section */

/* Begin PBXGroup section */
		433EC1641BB6E7F4004BEC55 = {
			isa = PBXGroup;
			children = (
				433EC16F1BB6E7F5004BEC55 /* KaBoom */,
				433EC1871BB6E7F5004BEC55 /* KaBoomTests */,
				433EC1921BB6E7F5004BEC55 /* KaBoomUITests */,
				433EC16E1BB6E7F5004BEC55 /* Products */,
			);
			sourceTree = "<group>";
		};
		433EC16E1BB6E7F5004BEC55 /* Products */ = {
			isa = PBXGroup;
			children = (
				433EC16D1BB6E7F5004BEC55 /* KaBoom.app */,
				433EC1841BB6E7F5004BEC55 /* KaBoomTests.xctest */,
				433EC18F1BB6E7F5004BEC55 /* KaBoomUITests.xctest */,
			);
			name = Products;
			sourceTree = "<group>";
		};
		433EC16F1BB6E7F5004BEC55 /* KaBoom */ = {
			isa = PBXGroup;
			children = (
				43A3A2511BC53F7600FDF98A /* JPGs */,
				433EC1A11BB6E845004BEC55 /* sounds */,
				433EC1701BB6E7F5004BEC55 /* AppDelegate.swift */,
				433EC1721BB6E7F5004BEC55 /* ViewController.swift */,
				433EC1741BB6E7F5004BEC55 /* Main.storyboard */,
				433EC17A1BB6E7F5004BEC55 /* Assets.xcassets */,
				433EC17C1BB6E7F5004BEC55 /* LaunchScreen.storyboard */,
				433EC17F1BB6E7F5004BEC55 /* Info.plist */,
				433EC1771BB6E7F5004BEC55 /* KaBoom.xcdatamodeld */,
			);
			path = KaBoom;
			sourceTree = "<group>";
		};
		433EC1871BB6E7F5004BEC55 /* KaBoomTests */ = {
			isa = PBXGroup;
			children = (
				433EC1881BB6E7F5004BEC55 /* KaBoomTests.swift */,
				433EC18A1BB6E7F5004BEC55 /* Info.plist */,
			);
			path = KaBoomTests;
			sourceTree = "<group>";
		};
		433EC1921BB6E7F5004BEC55 /* KaBoomUITests */ = {
			isa = PBXGroup;
			children = (
				433EC1931BB6E7F5004BEC55 /* KaBoomUITests.swift */,
				433EC1951BB6E7F5004BEC55 /* Info.plist */,
			);
			path = KaBoomUITests;
			sourceTree = "<group>";
		};
		433EC1A11BB6E845004BEC55 /* sounds */ = {
			isa = PBXGroup;
			children = (
				43702ED61BB7DA9D00ACE55F /* Bass */,
				433EC1A51BB6E87A004BEC55 /* Cr78 */,
				433EC1A41BB6E872004BEC55 /* 909 */,
				433EC1A31BB6E861004BEC55 /* 808 */,
				433EC1A21BB6E854004BEC55 /* 606 */,
			);
			name = sounds;
			sourceTree = "<group>";
		};
		433EC1A21BB6E854004BEC55 /* 606 */ = {
			isa = PBXGroup;
			children = (
				433EC1BA1BB6E8DA004BEC55 /* BassDrum606.wav */,
				433EC1BB1BB6E8DA004BEC55 /* ClosedHiHat606.wav */,
				433EC1BC1BB6E8DA004BEC55 /* HiTom606.wav */,
				433EC1BD1BB6E8DA004BEC55 /* OpenHiHat606.wav */,
				433EC1BE1BB6E8DA004BEC55 /* SnareDrum606.wav */,
			);
			name = 606;
			sourceTree = "<group>";
		};
		433EC1A31BB6E861004BEC55 /* 808 */ = {
			isa = PBXGroup;
			children = (
				433EC1B01BB6E8C3004BEC55 /* BassDrum808.wav */,
				433EC1B11BB6E8C3004BEC55 /* Clap808.wav */,
				433EC1B21BB6E8C3004BEC55 /* HiHat808.wav */,
				433EC1B31BB6E8C3004BEC55 /* RimShot808.wav */,
				433EC1B41BB6E8C3004BEC55 /* SnareDrum808.wav */,
			);
			name = 808;
			sourceTree = "<group>";
		};
		433EC1A41BB6E872004BEC55 /* 909 */ = {
			isa = PBXGroup;
			children = (
				433EC1A61BB6E8AF004BEC55 /* BassDrum909.wav */,
				433EC1A71BB6E8AF004BEC55 /* Clap909.wav */,
				433EC1A81BB6E8AF004BEC55 /* HiHat909.wav */,
				433EC1A91BB6E8AF004BEC55 /* RimShot909.wav */,
				433EC1AA1BB6E8AF004BEC55 /* SnareDrum909.wav */,
			);
			name = 909;
			sourceTree = "<group>";
		};
		433EC1A51BB6E87A004BEC55 /* Cr78 */ = {
			isa = PBXGroup;
			children = (
				433EC1C41BB6E8EF004BEC55 /* BassDrum78.wav */,
				433EC1C51BB6E8EF004BEC55 /* Guiro78.wav */,
				433EC1C61BB6E8EF004BEC55 /* HiHat78.wav */,
				433EC1C71BB6E8EF004BEC55 /* RimShot78.wav */,
				433EC1C81BB6E8EF004BEC55 /* SnareDrum78.wav */,
			);
			name = Cr78;
			sourceTree = "<group>";
		};
		43702ED61BB7DA9D00ACE55F /* Bass */ = {
			isa = PBXGroup;
			children = (
				4363582D1BBDDFB500918021 /* Bass.wav */,
			);
			name = Bass;
			sourceTree = "<group>";
		};
		43A3A2511BC53F7600FDF98A /* JPGs */ = {
			isa = PBXGroup;
			children = (
				43A3A2521BC53F8D00FDF98A /* Volume.jpg */,
				43A3A2531BC53F8D00FDF98A /* Panning.jpg */,
				43A3A2541BC53F8D00FDF98A /* Reverb.jpg */,
				43A3A2551BC53F8D00FDF98A /* Distorsion.jpg */,
				43A3A2561BC53F8D00FDF98A /* Delay.jpg */,
			);
			name = JPGs;
			sourceTree = "<group>";
		};
/* End PBXGroup section */

/* Begin PBXNativeTarget section */
		433EC16C1BB6E7F5004BEC55 /* KaBoom */ = {
			isa = PBXNativeTarget;
			buildConfigurationList = 433EC1981BB6E7F5004BEC55 /* Build configuration list for PBXNativeTarget "KaBoom" */;
			buildPhases = (
				433EC1691BB6E7F5004BEC55 /* Sources */,
				433EC16A1BB6E7F5004BEC55 /* Frameworks */,
				433EC16B1BB6E7F5004BEC55 /* Resources */,
			);
			buildRules = (
			);
			dependencies = (
			);
			name = KaBoom;
			productName = KaBoom;
			productReference = 433EC16D1BB6E7F5004BEC55 /* KaBoom.app */;
			productType = "com.apple.product-type.application";
		};
		433EC1831BB6E7F5004BEC55 /* KaBoomTests */ = {
			isa = PBXNativeTarget;
			buildConfigurationList = 433EC19B1BB6E7F5004BEC55 /* Build configuration list for PBXNativeTarget "KaBoomTests" */;
			buildPhases = (
				433EC1801BB6E7F5004BEC55 /* Sources */,
				433EC1811BB6E7F5004BEC55 /* Frameworks */,
				433EC1821BB6E7F5004BEC55 /* Resources */,
			);
			buildRules = (
			);
			dependencies = (
				433EC1861BB6E7F5004BEC55 /* PBXTargetDependency */,
			);
			name = KaBoomTests;
			productName = KaBoomTests;
			productReference = 433EC1841BB6E7F5004BEC55 /* KaBoomTests.xctest */;
			productType = "com.apple.product-type.bundle.unit-test";
		};
		433EC18E1BB6E7F5004BEC55 /* KaBoomUITests */ = {
			isa = PBXNativeTarget;
			buildConfigurationList = 433EC19E1BB6E7F5004BEC55 /* Build configuration list for PBXNativeTarget "KaBoomUITests" */;
			buildPhases = (
				433EC18B1BB6E7F5004BEC55 /* Sources */,
				433EC18C1BB6E7F5004BEC55 /* Frameworks */,
				433EC18D1BB6E7F5004BEC55 /* Resources */,
			);
			buildRules = (
			);
			dependencies = (
				433EC1911BB6E7F5004BEC55 /* PBXTargetDependency */,
			);
			name = KaBoomUITests;
			productName = KaBoomUITests;
			productReference = 433EC18F1BB6E7F5004BEC55 /* KaBoomUITests.xctest */;
			productType = "com.apple.product-type.bundle.ui-testing";
		};
/* End PBXNativeTarget section */

/* Begin PBXProject section */
		433EC1651BB6E7F4004BEC55 /* Project object */ = {
			isa = PBXProject;
			attributes = {
				LastUpgradeCheck = 0700;
				ORGANIZATIONNAME = "Dietz, Christian";
				TargetAttributes = {
					433EC16C1BB6E7F5004BEC55 = {
						CreatedOnToolsVersion = 7.0;
					};
					433EC1831BB6E7F5004BEC55 = {
						CreatedOnToolsVersion = 7.0;
						TestTargetID = 433EC16C1BB6E7F5004BEC55;
					};
					433EC18E1BB6E7F5004BEC55 = {
						CreatedOnToolsVersion = 7.0;
						TestTargetID = 433EC16C1BB6E7F5004BEC55;
					};
				};
			};
			buildConfigurationList = 433EC1681BB6E7F4004BEC55 /* Build configuration list for PBXProject "KaBoom" */;
			compatibilityVersion = "Xcode 3.2";
			developmentRegion = English;
			hasScannedForEncodings = 0;
			knownRegions = (
				en,
				Base,
			);
			mainGroup = 433EC1641BB6E7F4004BEC55;
			productRefGroup = 433EC16E1BB6E7F5004BEC55 /* Products */;
			projectDirPath = "";
			projectRoot = "";
			targets = (
				433EC16C1BB6E7F5004BEC55 /* KaBoom */,
				433EC1831BB6E7F5004BEC55 /* KaBoomTests */,
				433EC18E1BB6E7F5004BEC55 /* KaBoomUITests */,
			);
		};
/* End PBXProject section */

/* Begin PBXResourcesBuildPhase section */
		433EC16B1BB6E7F5004BEC55 /* Resources */ = {
			isa = PBXResourcesBuildPhase;
			buildActionMask = 2147483647;
			files = (
				433EC17E1BB6E7F5004BEC55 /* LaunchScreen.storyboard in Resources */,
				43A3A25B1BC53F8D00FDF98A /* Delay.jpg in Resources */,
				433EC1C31BB6E8DA004BEC55 /* SnareDrum606.wav in Resources */,
				433EC1CB1BB6E8EF004BEC55 /* HiHat78.wav in Resources */,
				433EC17B1BB6E7F5004BEC55 /* Assets.xcassets in Resources */,
				433EC1CD1BB6E8EF004BEC55 /* SnareDrum78.wav in Resources */,
				433EC1BF1BB6E8DA004BEC55 /* BassDrum606.wav in Resources */,
				433EC1AC1BB6E8AF004BEC55 /* Clap909.wav in Resources */,
				433EC1C21BB6E8DA004BEC55 /* OpenHiHat606.wav in Resources */,
				433EC1C91BB6E8EF004BEC55 /* BassDrum78.wav in Resources */,
				433EC1AB1BB6E8AF004BEC55 /* BassDrum909.wav in Resources */,
				433EC1C11BB6E8DA004BEC55 /* HiTom606.wav in Resources */,
				4363582E1BBDDFB500918021 /* Bass.wav in Resources */,
				433EC1AD1BB6E8AF004BEC55 /* HiHat909.wav in Resources */,
				43A3A2571BC53F8D00FDF98A /* Volume.jpg in Resources */,
				433EC1B91BB6E8C3004BEC55 /* SnareDrum808.wav in Resources */,
				433EC1AE1BB6E8AF004BEC55 /* RimShot909.wav in Resources */,
				433EC1CA1BB6E8EF004BEC55 /* Guiro78.wav in Resources */,
				433EC1CC1BB6E8EF004BEC55 /* RimShot78.wav in Resources */,
				433EC1761BB6E7F5004BEC55 /* Main.storyboard in Resources */,
				433EC1B61BB6E8C3004BEC55 /* Clap808.wav in Resources */,
				433EC1C01BB6E8DA004BEC55 /* ClosedHiHat606.wav in Resources */,
				433EC1B81BB6E8C3004BEC55 /* RimShot808.wav in Resources */,
				433EC1B71BB6E8C3004BEC55 /* HiHat808.wav in Resources */,
				433EC1B51BB6E8C3004BEC55 /* BassDrum808.wav in Resources */,
				433EC1AF1BB6E8AF004BEC55 /* SnareDrum909.wav in Resources */,
				43A3A2591BC53F8D00FDF98A /* Reverb.jpg in Resources */,
				43A3A2581BC53F8D00FDF98A /* Panning.jpg in Resources */,
				43A3A25A1BC53F8D00FDF98A /* Distorsion.jpg in Resources */,
			);
			runOnlyForDeploymentPostprocessing = 0;
		};
		433EC1821BB6E7F5004BEC55 /* Resources */ = {
			isa = PBXResourcesBuildPhase;
			buildActionMask = 2147483647;
			files = (
			);
			runOnlyForDeploymentPostprocessing = 0;
		};
		433EC18D1BB6E7F5004BEC55 /* Resources */ = {
			isa = PBXResourcesBuildPhase;
			buildActionMask = 2147483647;
			files = (
			);
			runOnlyForDeploymentPostprocessing = 0;
		};
/* End PBXResourcesBuildPhase section */

/* Begin PBXSourcesBuildPhase section */
		433EC1691BB6E7F5004BEC55 /* Sources */ = {
			isa = PBXSourcesBuildPhase;
			buildActionMask = 2147483647;
			files = (
				433EC1731BB6E7F5004BEC55 /* ViewController.swift in Sources */,
				433EC1791BB6E7F5004BEC55 /* KaBoom.xcdatamodeld in Sources */,
				433EC1711BB6E7F5004BEC55 /* AppDelegate.swift in Sources */,
			);
			runOnlyForDeploymentPostprocessing = 0;
		};
		433EC1801BB6E7F5004BEC55 /* Sources */ = {
			isa = PBXSourcesBuildPhase;
			buildActionMask = 2147483647;
			files = (
				433EC1891BB6E7F5004BEC55 /* KaBoomTests.swift in Sources */,
			);
			runOnlyForDeploymentPostprocessing = 0;
		};
		433EC18B1BB6E7F5004BEC55 /* Sources */ = {
			isa = PBXSourcesBuildPhase;
			buildActionMask = 2147483647;
			files = (
				433EC1941BB6E7F5004BEC55 /* KaBoomUITests.swift in Sources */,
			);
			runOnlyForDeploymentPostprocessing = 0;
		};
/* End PBXSourcesBuildPhase section */

/* Begin PBXTargetDependency section */
		433EC1861BB6E7F5004BEC55 /* PBXTargetDependency */ = {
			isa = PBXTargetDependency;
			target = 433EC16C1BB6E7F5004BEC55 /* KaBoom */;
			targetProxy = 433EC1851BB6E7F5004BEC55 /* PBXContainerItemProxy */;
		};
		433EC1911BB6E7F5004BEC55 /* PBXTargetDependency */ = {
			isa = PBXTargetDependency;
			target = 433EC16C1BB6E7F5004BEC55 /* KaBoom */;
			targetProxy = 433EC1901BB6E7F5004BEC55 /* PBXContainerItemProxy */;
		};
/* End PBXTargetDependency section */

/* Begin PBXVariantGroup section */
		433EC1741BB6E7F5004BEC55 /* Main.storyboard */ = {
			isa = PBXVariantGroup;
			children = (
				433EC1751BB6E7F5004BEC55 /* Base */,
			);
			name = Main.storyboard;
			sourceTree = "<group>";
		};
		433EC17C1BB6E7F5004BEC55 /* LaunchScreen.storyboard */ = {
			isa = PBXVariantGroup;
			children = (
				433EC17D1BB6E7F5004BEC55 /* Base */,
			);
			name = LaunchScreen.storyboard;
			sourceTree = "<group>";
		};
/* End PBXVariantGroup section */

/* Begin XCBuildConfiguration section */
		433EC1961BB6E7F5004BEC55 /* Debug */ = {
			isa = XCBuildConfiguration;
			buildSettings = {
				ALWAYS_SEARCH_USER_PATHS = NO;
				CLANG_CXX_LANGUAGE_STANDARD = "gnu++0x";
				CLANG_CXX_LIBRARY = "libc++";
				CLANG_ENABLE_MODULES = YES;
				CLANG_ENABLE_OBJC_ARC = YES;
				CLANG_WARN_BOOL_CONVERSION = YES;
				CLANG_WARN_CONSTANT_CONVERSION = YES;
				CLANG_WARN_DIRECT_OBJC_ISA_USAGE = YES_ERROR;
				CLANG_WARN_EMPTY_BODY = YES;
				CLANG_WARN_ENUM_CONVERSION = YES;
				CLANG_WARN_INT_CONVERSION = YES;
				CLANG_WARN_OBJC_ROOT_CLASS = YES_ERROR;
				CLANG_WARN_UNREACHABLE_CODE = YES;
				CLANG_WARN__DUPLICATE_METHOD_MATCH = YES;
				"CODE_SIGN_IDENTITY[sdk=iphoneos*]" = "iPhone Developer";
				COPY_PHASE_STRIP = NO;
				DEBUG_INFORMATION_FORMAT = dwarf;
				ENABLE_STRICT_OBJC_MSGSEND = YES;
				ENABLE_TESTABILITY = YES;
				GCC_C_LANGUAGE_STANDARD = gnu99;
				GCC_DYNAMIC_NO_PIC = NO;
				GCC_NO_COMMON_BLOCKS = YES;
				GCC_OPTIMIZATION_LEVEL = 0;
				GCC_PREPROCESSOR_DEFINITIONS = (
					"DEBUG=1",
					"$(inherited)",
				);
				GCC_WARN_64_TO_32_BIT_CONVERSION = YES;
				GCC_WARN_ABOUT_RETURN_TYPE = YES_ERROR;
				GCC_WARN_UNDECLARED_SELECTOR = YES;
				GCC_WARN_UNINITIALIZED_AUTOS = YES_AGGRESSIVE;
				GCC_WARN_UNUSED_FUNCTION = YES;
				GCC_WARN_UNUSED_VARIABLE = YES;
				IPHONEOS_DEPLOYMENT_TARGET = 9.0;
				MTL_ENABLE_DEBUG_INFO = YES;
				ONLY_ACTIVE_ARCH = YES;
				SDKROOT = iphoneos;
				SWIFT_OPTIMIZATION_LEVEL = "-Onone";
			};
			name = Debug;
		};
		433EC1971BB6E7F5004BEC55 /* Release */ = {
			isa = XCBuildConfiguration;
			buildSettings = {
				ALWAYS_SEARCH_USER_PATHS = NO;
				CLANG_CXX_LANGUAGE_STANDARD = "gnu++0x";
				CLANG_CXX_LIBRARY = "libc++";
				CLANG_ENABLE_MODULES = YES;
				CLANG_ENABLE_OBJC_ARC = YES;
				CLANG_WARN_BOOL_CONVERSION = YES;
				CLANG_WARN_CONSTANT_CONVERSION = YES;
				CLANG_WARN_DIRECT_OBJC_ISA_USAGE = YES_ERROR;
				CLANG_WARN_EMPTY_BODY = YES;
				CLANG_WARN_ENUM_CONVERSION = YES;
				CLANG_WARN_INT_CONVERSION = YES;
				CLANG_WARN_OBJC_ROOT_CLASS = YES_ERROR;
				CLANG_WARN_UNREACHABLE_CODE = YES;
				CLANG_WARN__DUPLICATE_METHOD_MATCH = YES;
				"CODE_SIGN_IDENTITY[sdk=iphoneos*]" = "iPhone Developer";
				COPY_PHASE_STRIP = NO;
				DEBUG_INFORMATION_FORMAT = "dwarf-with-dsym";
				ENABLE_NS_ASSERTIONS = NO;
				ENABLE_STRICT_OBJC_MSGSEND = YES;
				GCC_C_LANGUAGE_STANDARD = gnu99;
				GCC_NO_COMMON_BLOCKS = YES;
				GCC_WARN_64_TO_32_BIT_CONVERSION = YES;
				GCC_WARN_ABOUT_RETURN_TYPE = YES_ERROR;
				GCC_WARN_UNDECLARED_SELECTOR = YES;
				GCC_WARN_UNINITIALIZED_AUTOS = YES_AGGRESSIVE;
				GCC_WARN_UNUSED_FUNCTION = YES;
				GCC_WARN_UNUSED_VARIABLE = YES;
				IPHONEOS_DEPLOYMENT_TARGET = 9.0;
				MTL_ENABLE_DEBUG_INFO = NO;
				SDKROOT = iphoneos;
				VALIDATE_PRODUCT = YES;
			};
			name = Release;
		};
		433EC1991BB6E7F5004BEC55 /* Debug */ = {
			isa = XCBuildConfiguration;
			buildSettings = {
				ASSETCATALOG_COMPILER_APPICON_NAME = AppIcon;
				INFOPLIST_FILE = KaBoom/Info.plist;
				LD_RUNPATH_SEARCH_PATHS = "$(inherited) @executable_path/Frameworks";
				PRODUCT_BUNDLE_IDENTIFIER = des.KaBoom;
				PRODUCT_NAME = "$(TARGET_NAME)";
			};
			name = Debug;
		};
		433EC19A1BB6E7F5004BEC55 /* Release */ = {
			isa = XCBuildConfiguration;
			buildSettings = {
				ASSETCATALOG_COMPILER_APPICON_NAME = AppIcon;
				INFOPLIST_FILE = KaBoom/Info.plist;
				LD_RUNPATH_SEARCH_PATHS = "$(inherited) @executable_path/Frameworks";
				PRODUCT_BUNDLE_IDENTIFIER = des.KaBoom;
				PRODUCT_NAME = "$(TARGET_NAME)";
			};
			name = Release;
		};
		433EC19C1BB6E7F5004BEC55 /* Debug */ = {
			isa = XCBuildConfiguration;
			buildSettings = {
				BUNDLE_LOADER = "$(TEST_HOST)";
				INFOPLIST_FILE = KaBoomTests/Info.plist;
				LD_RUNPATH_SEARCH_PATHS = "$(inherited) @executable_path/Frameworks @loader_path/Frameworks";
				PRODUCT_BUNDLE_IDENTIFIER = des.KaBoomTests;
				PRODUCT_NAME = "$(TARGET_NAME)";
				TEST_HOST = "$(BUILT_PRODUCTS_DIR)/KaBoom.app/KaBoom";
			};
			name = Debug;
		};
		433EC19D1BB6E7F5004BEC55 /* Release */ = {
			isa = XCBuildConfiguration;
			buildSettings = {
				BUNDLE_LOADER = "$(TEST_HOST)";
				INFOPLIST_FILE = KaBoomTests/Info.plist;
				LD_RUNPATH_SEARCH_PATHS = "$(inherited) @executable_path/Frameworks @loader_path/Frameworks";
				PRODUCT_BUNDLE_IDENTIFIER = des.KaBoomTests;
				PRODUCT_NAME = "$(TARGET_NAME)";
				TEST_HOST = "$(BUILT_PRODUCTS_DIR)/KaBoom.app/KaBoom";
			};
			name = Release;
		};
		433EC19F1BB6E7F5004BEC55 /* Debug */ = {
			isa = XCBuildConfiguration;
			buildSettings = {
				INFOPLIST_FILE = KaBoomUITests/Info.plist;
				LD_RUNPATH_SEARCH_PATHS = "$(inherited) @executable_path/Frameworks @loader_path/Frameworks";
				PRODUCT_BUNDLE_IDENTIFIER = des.KaBoomUITests;
				PRODUCT_NAME = "$(TARGET_NAME)";
				TEST_TARGET_NAME = KaBoom;
				USES_XCTRUNNER = YES;
			};
			name = Debug;
		};
		433EC1A01BB6E7F5004BEC55 /* Release */ = {
			isa = XCBuildConfiguration;
			buildSettings = {
				INFOPLIST_FILE = KaBoomUITests/Info.plist;
				LD_RUNPATH_SEARCH_PATHS = "$(inherited) @executable_path/Frameworks @loader_path/Frameworks";
				PRODUCT_BUNDLE_IDENTIFIER = des.KaBoomUITests;
				PRODUCT_NAME = "$(TARGET_NAME)";
				TEST_TARGET_NAME = KaBoom;
				USES_XCTRUNNER = YES;
			};
			name = Release;
		};
/* End XCBuildConfiguration section */

/* Begin XCConfigurationList section */
		433EC1681BB6E7F4004BEC55 /* Build configuration list for PBXProject "KaBoom" */ = {
			isa = XCConfigurationList;
			buildConfigurations = (
				433EC1961BB6E7F5004BEC55 /* Debug */,
				433EC1971BB6E7F5004BEC55 /* Release */,
			);
			defaultConfigurationIsVisible = 0;
			defaultConfigurationName = Release;
		};
		433EC1981BB6E7F5004BEC55 /* Build configuration list for PBXNativeTarget "KaBoom" */ = {
			isa = XCConfigurationList;
			buildConfigurations = (
				433EC1991BB6E7F5004BEC55 /* Debug */,
				433EC19A1BB6E7F5004BEC55 /* Release */,
			);
			defaultConfigurationIsVisible = 0;
			defaultConfigurationName = Release;
		};
		433EC19B1BB6E7F5004BEC55 /* Build configuration list for PBXNativeTarget "KaBoomTests" */ = {
			isa = XCConfigurationList;
			buildConfigurations = (
				433EC19C1BB6E7F5004BEC55 /* Debug */,
				433EC19D1BB6E7F5004BEC55 /* Release */,
			);
			defaultConfigurationIsVisible = 0;
			defaultConfigurationName = Release;
		};
		433EC19E1BB6E7F5004BEC55 /* Build configuration list for PBXNativeTarget "KaBoomUITests" */ = {
			isa = XCConfigurationList;
			buildConfigurations = (
				433EC19F1BB6E7F5004BEC55 /* Debug */,
				433EC1A01BB6E7F5004BEC55 /* Release */,
			);
			defaultConfigurationIsVisible = 0;
			defaultConfigurationName = Release;
		};
/* End XCConfigurationList section */

/* Begin XCVersionGroup section */
		433EC1771BB6E7F5004BEC55 /* KaBoom.xcdatamodeld */ = {
			isa = XCVersionGroup;
			children = (
				433EC1781BB6E7F5004BEC55 /* KaBoom.xcdatamodel */,
			);
			currentVersion = 433EC1781BB6E7F5004BEC55 /* KaBoom.xcdatamodel */;
			path = KaBoom.xcdatamodeld;
			sourceTree = "<group>";
			versionGroupType = wrapper.xcdatamodel;
		};
/* End XCVersionGroup section */
	};
	rootObject = 433EC1651BB6E7F4004BEC55 /* Project object */;
}
